
Microsoft Visual Studio Solution File, Format Version 12.00
# Visual Studio Version 17
VisualStudioVersion = 17.6.33712.159
MinimumVisualStudioVersion = 10.0.40219.1
Project("{FAE04EC0-301F-11D3-BF4B-00C04F79EFBC}") = "OO", "OO\OO.csproj", "{7576DB71-B793-4BBC-B219-E997C6DBE63C}"
EndProject
Global
	GlobalSection(SolutionConfigurationPlatforms) = preSolution
		Debug|Any CPU = Debug|Any CPU
		Release|Any CPU = Release|Any CPU
	EndGlobalSection
	GlobalSection(ProjectConfigurationPlatforms) = postSolution
		{7576DB71-B793-4BBC-B219-E997C6DBE63C}.Debug|Any CPU.ActiveCfg = Debug|Any CPU
		{7576DB71-B793-4BBC-B219-E997C6DBE63C}.Debug|Any CPU.Build.0 = Debug|Any CPU
		{7576DB71-B793-4BBC-B219-E997C6DBE63C}.Release|Any CPU.ActiveCfg = Release|Any CPU
		{7576DB71-B793-4BBC-B219-E997C6DBE63C}.Release|Any CPU.Build.0 = Release|Any CPU
	EndGlobalSection
	GlobalSection(SolutionProperties) = preSolution
		HideSolutionNode = FALSE
	EndGlobalSection
	GlobalSection(ExtensibilityGlobals) = postSolution
		SolutionGuid = {D32EBF0F-5335-4ACC-AD74-BC583994402C}
	EndGlobalSection
EndGlobal
